
Microsoft Visual Studio Solution File, Format Version 12.00
# Visual Studio Version 16
VisualStudioVersion = 16.0.30114.105
MinimumVisualStudioVersion = 10.0.40219.1
Project("{9A19103F-16F7-4668-BE54-9A1E7A4F7556}") = "SharpAdbClient", "SharpAdbClient\SharpAdbClient.csproj", "{65473257-E70F-410B-9269-D0C0F771EA87}"
EndProject
Project("{9A19103F-16F7-4668-BE54-9A1E7A4F7556}") = "SharpAdbClient.Tests", "SharpAdbClient.Tests\SharpAdbClient.Tests.csproj", "{2C43B828-BE5E-47B6-93BB-A624B6B36633}"
EndProject
Global
	GlobalSection(SolutionConfigurationPlatforms) = preSolution
		Debug|Any CPU = Debug|Any CPU
		Release|Any CPU = Release|Any CPU
	EndGlobalSection
	GlobalSection(ProjectConfigurationPlatforms) = postSolution
		{65473257-E70F-410B-9269-D0C0F771EA87}.Debug|Any CPU.ActiveCfg = Debug|Any CPU
		{65473257-E70F-410B-9269-D0C0F771EA87}.Debug|Any CPU.Build.0 = Debug|Any CPU
		{65473257-E70F-410B-9269-D0C0F771EA87}.Release|Any CPU.ActiveCfg = Release|Any CPU
		{65473257-E70F-410B-9269-D0C0F771EA87}.Release|Any CPU.Build.0 = Release|Any CPU
		{2C43B828-BE5E-47B6-93BB-A624B6B36633}.Debug|Any CPU.ActiveCfg = Debug|Any CPU
		{2C43B828-BE5E-47B6-93BB-A624B6B36633}.Debug|Any CPU.Build.0 = Debug|Any CPU
		{2C43B828-BE5E-47B6-93BB-A624B6B36633}.Release|Any CPU.ActiveCfg = Release|Any CPU
		{2C43B828-BE5E-47B6-93BB-A624B6B36633}.Release|Any CPU.Build.0 = Release|Any CPU
	EndGlobalSection
	GlobalSection(SolutionProperties) = preSolution
		HideSolutionNode = FALSE
	EndGlobalSection
	GlobalSection(ExtensibilityGlobals) = postSolution
		SolutionGuid = {0ACB9022-5726-46AD-868D-C43F8A25BD23}
	EndGlobalSection
EndGlobal
